
Microsoft Visual Studio Solution File, Format Version 12.00
# Visual Studio Version 17
VisualStudioVersion = 17.5.002.0
MinimumVisualStudioVersion = 10.0.40219.1
Project("{9A19103F-16F7-4668-BE54-9A1E7A4F7556}") = "MyRazorPagesApp", "MyRazorPagesApp.csproj", "{FB240E71-1493-41C1-A9D0-196D88649C88}"
EndProject
Global
	GlobalSection(SolutionConfigurationPlatforms) = preSolution
		Debug|Any CPU = Debug|Any CPU
		Release|Any CPU = Release|Any CPU
	EndGlobalSection
	GlobalSection(ProjectConfigurationPlatforms) = postSolution
		{FB240E71-1493-41C1-A9D0-196D88649C88}.Debug|Any CPU.ActiveCfg = Debug|Any CPU
		{FB240E71-1493-41C1-A9D0-196D88649C88}.Debug|Any CPU.Build.0 = Debug|Any CPU
		{FB240E71-1493-41C1-A9D0-196D88649C88}.Release|Any CPU.ActiveCfg = Release|Any CPU
		{FB240E71-1493-41C1-A9D0-196D88649C88}.Release|Any CPU.Build.0 = Release|Any CPU
	EndGlobalSection
	GlobalSection(SolutionProperties) = preSolution
		HideSolutionNode = FALSE
	EndGlobalSection
	GlobalSection(ExtensibilityGlobals) = postSolution
		SolutionGuid = {61269625-2D9A-46CD-BE74-BA06CB96EF12}
	EndGlobalSection
EndGlobal
